
Microsoft Visual Studio Solution File, Format Version 11.00
# Visual Studio 2010
Project("{FAE04EC0-301F-11D3-BF4B-00C04F79EFBC}") = "Neurolution", "Neurolution\Neurolution\Neurolution.csproj", "{9477BE29-29C6-4F2C-A795-7C5BD023728A}"
EndProject
Project("{FAE04EC0-301F-11D3-BF4B-00C04F79EFBC}") = "NeurolutionContent", "Neurolution\NeurolutionContent\NeurolutionContent.contentproj", "{FA7805CE-BAAF-4C69-9CF2-EDB92B36B550}"
EndProject
Project("{FAE04EC0-301F-11D3-BF4B-00C04F79EFBC}") = "RecurrentNetwork", "RecurrentNetwork\RecurrentNetwork.csproj", "{E3F5BC25-10D6-4C15-8ED3-83EC987D4D67}"
EndProject
Project("{FAE04EC0-301F-11D3-BF4B-00C04F79EFBC}") = "IniFileLibrary", "IniFileLibrary\IniFileLibrary.csproj", "{49BFEDAB-D2DD-46D8-B7B7-AEF22FA2EA42}"
EndProject
Global
	GlobalSection(SolutionConfigurationPlatforms) = preSolution
		Debug|Any CPU = Debug|Any CPU
		Debug|Mixed Platforms = Debug|Mixed Platforms
		Debug|x64 = Debug|x64
		Debug|x86 = Debug|x86
		Release|Any CPU = Release|Any CPU
		Release|Mixed Platforms = Release|Mixed Platforms
		Release|x64 = Release|x64
		Release|x86 = Release|x86
	EndGlobalSection
	GlobalSection(ProjectConfigurationPlatforms) = postSolution
		{9477BE29-29C6-4F2C-A795-7C5BD023728A}.Debug|Any CPU.ActiveCfg = Debug|x86
		{9477BE29-29C6-4F2C-A795-7C5BD023728A}.Debug|Any CPU.Build.0 = Debug|x86
		{9477BE29-29C6-4F2C-A795-7C5BD023728A}.Debug|Mixed Platforms.ActiveCfg = Debug|x86
		{9477BE29-29C6-4F2C-A795-7C5BD023728A}.Debug|Mixed Platforms.Build.0 = Debug|x86
		{9477BE29-29C6-4F2C-A795-7C5BD023728A}.Debug|x64.ActiveCfg = Debug|x86
		{9477BE29-29C6-4F2C-A795-7C5BD023728A}.Debug|x64.Build.0 = Debug|x86
		{9477BE29-29C6-4F2C-A795-7C5BD023728A}.Debug|x86.ActiveCfg = Debug|x86
		{9477BE29-29C6-4F2C-A795-7C5BD023728A}.Debug|x86.Build.0 = Debug|x86
		{9477BE29-29C6-4F2C-A795-7C5BD023728A}.Release|Any CPU.ActiveCfg = Release|x86
		{9477BE29-29C6-4F2C-A795-7C5BD023728A}.Release|Mixed Platforms.ActiveCfg = Release|x86
		{9477BE29-29C6-4F2C-A795-7C5BD023728A}.Release|Mixed Platforms.Build.0 = Release|x86
		{9477BE29-29C6-4F2C-A795-7C5BD023728A}.Release|x64.ActiveCfg = Release|x86
		{9477BE29-29C6-4F2C-A795-7C5BD023728A}.Release|x86.ActiveCfg = Release|x86
		{9477BE29-29C6-4F2C-A795-7C5BD023728A}.Release|x86.Build.0 = Release|x86
		{FA7805CE-BAAF-4C69-9CF2-EDB92B36B550}.Debug|Any CPU.ActiveCfg = Debug|x86
		{FA7805CE-BAAF-4C69-9CF2-EDB92B36B550}.Debug|Mixed Platforms.ActiveCfg = Debug|x86
		{FA7805CE-BAAF-4C69-9CF2-EDB92B36B550}.Debug|Mixed Platforms.Build.0 = Debug|x86
		{FA7805CE-BAAF-4C69-9CF2-EDB92B36B550}.Debug|x64.ActiveCfg = Debug|x86
		{FA7805CE-BAAF-4C69-9CF2-EDB92B36B550}.Debug|x86.ActiveCfg = Debug|x86
		{FA7805CE-BAAF-4C69-9CF2-EDB92B36B550}.Release|Any CPU.ActiveCfg = Release|x86
		{FA7805CE-BAAF-4C69-9CF2-EDB92B36B550}.Release|Mixed Platforms.ActiveCfg = Release|x86
		{FA7805CE-BAAF-4C69-9CF2-EDB92B36B550}.Release|x64.ActiveCfg = Release|x86
		{FA7805CE-BAAF-4C69-9CF2-EDB92B36B550}.Release|x86.ActiveCfg = Release|x86
		{E3F5BC25-10D6-4C15-8ED3-83EC987D4D67}.Debug|Any CPU.ActiveCfg = Debug|Any CPU
		{E3F5BC25-10D6-4C15-8ED3-83EC987D4D67}.Debug|Any CPU.Build.0 = Debug|Any CPU
		{E3F5BC25-10D6-4C15-8ED3-83EC987D4D67}.Debug|Mixed Platforms.ActiveCfg = Debug|Any CPU
		{E3F5BC25-10D6-4C15-8ED3-83EC987D4D67}.Debug|Mixed Platforms.Build.0 = Debug|Any CPU
		{E3F5BC25-10D6-4C15-8ED3-83EC987D4D67}.Debug|x64.ActiveCfg = Debug|x64
		{E3F5BC25-10D6-4C15-8ED3-83EC987D4D67}.Debug|x64.Build.0 = Debug|x64
		{E3F5BC25-10D6-4C15-8ED3-83EC987D4D67}.Debug|x86.ActiveCfg = Debug|Any CPU
		{E3F5BC25-10D6-4C15-8ED3-83EC987D4D67}.Release|Any CPU.ActiveCfg = Release|Any CPU
		{E3F5BC25-10D6-4C15-8ED3-83EC987D4D67}.Release|Any CPU.Build.0 = Release|Any CPU
		{E3F5BC25-10D6-4C15-8ED3-83EC987D4D67}.Release|Mixed Platforms.ActiveCfg = Release|Any CPU
		{E3F5BC25-10D6-4C15-8ED3-83EC987D4D67}.Release|Mixed Platforms.Build.0 = Release|Any CPU
		{E3F5BC25-10D6-4C15-8ED3-83EC987D4D67}.Release|x64.ActiveCfg = Release|x64
		{E3F5BC25-10D6-4C15-8ED3-83EC987D4D67}.Release|x64.Build.0 = Release|x64
		{E3F5BC25-10D6-4C15-8ED3-83EC987D4D67}.Release|x86.ActiveCfg = Release|Any CPU
		{49BFEDAB-D2DD-46D8-B7B7-AEF22FA2EA42}.Debug|Any CPU.ActiveCfg = Debug|Any CPU
		{49BFEDAB-D2DD-46D8-B7B7-AEF22FA2EA42}.Debug|Any CPU.Build.0 = Debug|Any CPU
		{49BFEDAB-D2DD-46D8-B7B7-AEF22FA2EA42}.Debug|Mixed Platforms.ActiveCfg = Debug|Any CPU
		{49BFEDAB-D2DD-46D8-B7B7-AEF22FA2EA42}.Debug|Mixed Platforms.Build.0 = Debug|Any CPU
		{49BFEDAB-D2DD-46D8-B7B7-AEF22FA2EA42}.Debug|x64.ActiveCfg = Debug|Any CPU
		{49BFEDAB-D2DD-46D8-B7B7-AEF22FA2EA42}.Debug|x86.ActiveCfg = Debug|Any CPU
		{49BFEDAB-D2DD-46D8-B7B7-AEF22FA2EA42}.Release|Any CPU.ActiveCfg = Release|Any CPU
		{49BFEDAB-D2DD-46D8-B7B7-AEF22FA2EA42}.Release|Any CPU.Build.0 = Release|Any CPU
		{49BFEDAB-D2DD-46D8-B7B7-AEF22FA2EA42}.Release|Mixed Platforms.ActiveCfg = Release|Any CPU
		{49BFEDAB-D2DD-46D8-B7B7-AEF22FA2EA42}.Release|Mixed Platforms.Build.0 = Release|Any CPU
		{49BFEDAB-D2DD-46D8-B7B7-AEF22FA2EA42}.Release|x64.ActiveCfg = Release|Any CPU
		{49BFEDAB-D2DD-46D8-B7B7-AEF22FA2EA42}.Release|x86.ActiveCfg = Release|Any CPU
	EndGlobalSection
	GlobalSection(SolutionProperties) = preSolution
		HideSolutionNode = FALSE
	EndGlobalSection
	GlobalSection(ExtensibilityGlobals) = postSolution
		VisualSVNWorkingCopyRoot = .
	EndGlobalSection
EndGlobal
